
Microsoft Visual Studio Solution File, Format Version 12.00
# Visual Studio 15
VisualStudioVersion = 15.0.27130.2010
MinimumVisualStudioVersion = 10.0.40219.1
Project("{FAE04EC0-301F-11D3-BF4B-00C04F79EFBC}") = "Customer", "Customer\Customer.csproj", "{707262A5-DB80-42D5-ABB1-9C78108AD2B9}"
EndProject
Project("{FAE04EC0-301F-11D3-BF4B-00C04F79EFBC}") = "Customer.Entity", "Customer.Entity\Customer.Entity.csproj", "{59BE3F44-63B0-4272-9478-205575226CCD}"
EndProject
Project("{FAE04EC0-301F-11D3-BF4B-00C04F79EFBC}") = "Customer.DataLayer", "Customer.DataLayer\Customer.DataLayer.csproj", "{C81F7D22-31C0-411D-AF70-6FC359E543A5}"
EndProject
Project("{FAE04EC0-301F-11D3-BF4B-00C04F79EFBC}") = "Customer.BusinessLogic", "Customer.BusinessLogic\Customer.BusinessLogic.csproj", "{DE583A77-5DC6-4615-A5EF-0A9FB1659B2C}"
EndProject
Global
	GlobalSection(SolutionConfigurationPlatforms) = preSolution
		Debug|Any CPU = Debug|Any CPU
		Release|Any CPU = Release|Any CPU
	EndGlobalSection
	GlobalSection(ProjectConfigurationPlatforms) = postSolution
		{707262A5-DB80-42D5-ABB1-9C78108AD2B9}.Debug|Any CPU.ActiveCfg = Debug|Any CPU
		{707262A5-DB80-42D5-ABB1-9C78108AD2B9}.Debug|Any CPU.Build.0 = Debug|Any CPU
		{707262A5-DB80-42D5-ABB1-9C78108AD2B9}.Release|Any CPU.ActiveCfg = Release|Any CPU
		{707262A5-DB80-42D5-ABB1-9C78108AD2B9}.Release|Any CPU.Build.0 = Release|Any CPU
		{59BE3F44-63B0-4272-9478-205575226CCD}.Debug|Any CPU.ActiveCfg = Debug|Any CPU
		{59BE3F44-63B0-4272-9478-205575226CCD}.Debug|Any CPU.Build.0 = Debug|Any CPU
		{59BE3F44-63B0-4272-9478-205575226CCD}.Release|Any CPU.ActiveCfg = Release|Any CPU
		{59BE3F44-63B0-4272-9478-205575226CCD}.Release|Any CPU.Build.0 = Release|Any CPU
		{C81F7D22-31C0-411D-AF70-6FC359E543A5}.Debug|Any CPU.ActiveCfg = Debug|Any CPU
		{C81F7D22-31C0-411D-AF70-6FC359E543A5}.Debug|Any CPU.Build.0 = Debug|Any CPU
		{C81F7D22-31C0-411D-AF70-6FC359E543A5}.Release|Any CPU.ActiveCfg = Release|Any CPU
		{C81F7D22-31C0-411D-AF70-6FC359E543A5}.Release|Any CPU.Build.0 = Release|Any CPU
		{DE583A77-5DC6-4615-A5EF-0A9FB1659B2C}.Debug|Any CPU.ActiveCfg = Debug|Any CPU
		{DE583A77-5DC6-4615-A5EF-0A9FB1659B2C}.Debug|Any CPU.Build.0 = Debug|Any CPU
		{DE583A77-5DC6-4615-A5EF-0A9FB1659B2C}.Release|Any CPU.ActiveCfg = Release|Any CPU
		{DE583A77-5DC6-4615-A5EF-0A9FB1659B2C}.Release|Any CPU.Build.0 = Release|Any CPU
	EndGlobalSection
	GlobalSection(SolutionProperties) = preSolution
		HideSolutionNode = FALSE
	EndGlobalSection
	GlobalSection(ExtensibilityGlobals) = postSolution
		SolutionGuid = {4963B247-766E-4E81-B67C-4394089A3897}
	EndGlobalSection
EndGlobal
